
Microsoft Visual Studio Solution File, Format Version 12.00
# Visual Studio Version 17
VisualStudioVersion = 17.10.35013.160
MinimumVisualStudioVersion = 10.0.40219.1
Project("{FAE04EC0-301F-11D3-BF4B-00C04F79EFBC}") = "Ejercicio con GitHub", "Ejercicio con GitHub\Ejercicio con GitHub.csproj", "{96166B85-C513-49B0-83B7-8BB2EC7D8A38}"
EndProject
Global
	GlobalSection(SolutionConfigurationPlatforms) = preSolution
		Debug|Any CPU = Debug|Any CPU
		Release|Any CPU = Release|Any CPU
	EndGlobalSection
	GlobalSection(ProjectConfigurationPlatforms) = postSolution
		{96166B85-C513-49B0-83B7-8BB2EC7D8A38}.Debug|Any CPU.ActiveCfg = Debug|Any CPU
		{96166B85-C513-49B0-83B7-8BB2EC7D8A38}.Debug|Any CPU.Build.0 = Debug|Any CPU
		{96166B85-C513-49B0-83B7-8BB2EC7D8A38}.Release|Any CPU.ActiveCfg = Release|Any CPU
		{96166B85-C513-49B0-83B7-8BB2EC7D8A38}.Release|Any CPU.Build.0 = Release|Any CPU
	EndGlobalSection
	GlobalSection(SolutionProperties) = preSolution
		HideSolutionNode = FALSE
	EndGlobalSection
	GlobalSection(ExtensibilityGlobals) = postSolution
		SolutionGuid = {4988B706-C73E-4A46-8D9D-1FE25C2A1EB7}
	EndGlobalSection
EndGlobal
